
Microsoft Visual Studio Solution File, Format Version 12.00
# Visual Studio Version 16
VisualStudioVersion = 16.0.30517.126
MinimumVisualStudioVersion = 10.0.40219.1
Project("{FAE04EC0-301F-11D3-BF4B-00C04F79EFBC}") = "AppControlEmpleados.Android", "AppControlEmpleados.Android\AppControlEmpleados.Android.csproj", "{FE09F160-4318-453D-96F3-7A0CB71D23CC}"
EndProject
Project("{FAE04EC0-301F-11D3-BF4B-00C04F79EFBC}") = "AppControlEmpleados", "AppControlEmpleados\AppControlEmpleados.csproj", "{68E8002F-CFA7-4D1C-BD09-5C9A69DB69F7}"
EndProject
Global
	GlobalSection(SolutionConfigurationPlatforms) = preSolution
		Debug|Any CPU = Debug|Any CPU
		Release|Any CPU = Release|Any CPU
	EndGlobalSection
	GlobalSection(ProjectConfigurationPlatforms) = postSolution
		{FE09F160-4318-453D-96F3-7A0CB71D23CC}.Debug|Any CPU.ActiveCfg = Debug|Any CPU
		{FE09F160-4318-453D-96F3-7A0CB71D23CC}.Debug|Any CPU.Build.0 = Debug|Any CPU
		{FE09F160-4318-453D-96F3-7A0CB71D23CC}.Debug|Any CPU.Deploy.0 = Debug|Any CPU
		{FE09F160-4318-453D-96F3-7A0CB71D23CC}.Release|Any CPU.ActiveCfg = Release|Any CPU
		{FE09F160-4318-453D-96F3-7A0CB71D23CC}.Release|Any CPU.Build.0 = Release|Any CPU
		{FE09F160-4318-453D-96F3-7A0CB71D23CC}.Release|Any CPU.Deploy.0 = Release|Any CPU
		{68E8002F-CFA7-4D1C-BD09-5C9A69DB69F7}.Debug|Any CPU.ActiveCfg = Debug|Any CPU
		{68E8002F-CFA7-4D1C-BD09-5C9A69DB69F7}.Debug|Any CPU.Build.0 = Debug|Any CPU
		{68E8002F-CFA7-4D1C-BD09-5C9A69DB69F7}.Debug|Any CPU.Deploy.0 = Debug|Any CPU
		{68E8002F-CFA7-4D1C-BD09-5C9A69DB69F7}.Release|Any CPU.ActiveCfg = Release|Any CPU
		{68E8002F-CFA7-4D1C-BD09-5C9A69DB69F7}.Release|Any CPU.Build.0 = Release|Any CPU
		{68E8002F-CFA7-4D1C-BD09-5C9A69DB69F7}.Release|Any CPU.Deploy.0 = Release|Any CPU
	EndGlobalSection
	GlobalSection(SolutionProperties) = preSolution
		HideSolutionNode = FALSE
	EndGlobalSection
	GlobalSection(ExtensibilityGlobals) = postSolution
		SolutionGuid = {3B5F67BC-749B-47FB-B613-669EBBF372A9}
	EndGlobalSection
EndGlobal
